
Microsoft Visual Studio Solution File, Format Version 12.00
# Visual Studio 15
Project("{FAE04EC0-301F-11D3-BF4B-00C04F79EFBC}") = "final_project", "final_project\final_project.csproj", "{830842D8-C294-4924-A0A8-A7B03AA2119C}"
EndProject
Global
	GlobalSection(SolutionConfigurationPlatforms) = preSolution
		Debug|anycpu = Debug|anycpu
		Release|anycpu = Release|anycpu
	EndGlobalSection
	GlobalSection(ProjectConfigurationPlatforms) = postSolution
		{830842D8-C294-4924-A0A8-A7B03AA2119C}.Debug|anycpu.ActiveCfg = Debug|anycpu
		{830842D8-C294-4924-A0A8-A7B03AA2119C}.Debug|anycpu.Build.0 = Debug|anycpu
		{830842D8-C294-4924-A0A8-A7B03AA2119C}.Release|anycpu.ActiveCfg = Release|anycpu
		{830842D8-C294-4924-A0A8-A7B03AA2119C}.Release|anycpu.Build.0 = Release|anycpu
	EndGlobalSection
EndGlobal
